
Microsoft Visual Studio Solution File, Format Version 12.00
# Visual Studio 2015
Project("{FAE04EC0-301F-11D3-BF4B-00C04F79EFBC}") = "TeamProBall.Plugins", "TeamProBall.Plugins.csproj", "{028A1D6E-B65D-2F97-A73C-CFE027075B92}"
EndProject
Project("{FAE04EC0-301F-11D3-BF4B-00C04F79EFBC}") = "TeamProBall", "TeamProBall.csproj", "{B476CAD4-27AE-DC73-F37D-374BF7234F52}"
EndProject
Project("{FAE04EC0-301F-11D3-BF4B-00C04F79EFBC}") = "TeamProBall.Editor", "TeamProBall.Editor.csproj", "{9E0D10D4-0EF3-0181-C9F8-01171D5E6826}"
EndProject
Global
	GlobalSection(SolutionConfigurationPlatforms) = preSolution
		Debug|Any CPU = Debug|Any CPU
		Release|Any CPU = Release|Any CPU
	EndGlobalSection
	GlobalSection(ProjectConfigurationPlatforms) = postSolution
		{028A1D6E-B65D-2F97-A73C-CFE027075B92}.Debug|Any CPU.ActiveCfg = Debug|Any CPU
		{028A1D6E-B65D-2F97-A73C-CFE027075B92}.Debug|Any CPU.Build.0 = Debug|Any CPU
		{028A1D6E-B65D-2F97-A73C-CFE027075B92}.Release|Any CPU.ActiveCfg = Release|Any CPU
		{028A1D6E-B65D-2F97-A73C-CFE027075B92}.Release|Any CPU.Build.0 = Release|Any CPU
		{B476CAD4-27AE-DC73-F37D-374BF7234F52}.Debug|Any CPU.ActiveCfg = Debug|Any CPU
		{B476CAD4-27AE-DC73-F37D-374BF7234F52}.Debug|Any CPU.Build.0 = Debug|Any CPU
		{B476CAD4-27AE-DC73-F37D-374BF7234F52}.Release|Any CPU.ActiveCfg = Release|Any CPU
		{B476CAD4-27AE-DC73-F37D-374BF7234F52}.Release|Any CPU.Build.0 = Release|Any CPU
		{9E0D10D4-0EF3-0181-C9F8-01171D5E6826}.Debug|Any CPU.ActiveCfg = Debug|Any CPU
		{9E0D10D4-0EF3-0181-C9F8-01171D5E6826}.Debug|Any CPU.Build.0 = Debug|Any CPU
		{9E0D10D4-0EF3-0181-C9F8-01171D5E6826}.Release|Any CPU.ActiveCfg = Release|Any CPU
		{9E0D10D4-0EF3-0181-C9F8-01171D5E6826}.Release|Any CPU.Build.0 = Release|Any CPU
	EndGlobalSection
	GlobalSection(SolutionProperties) = preSolution
		HideSolutionNode = FALSE
	EndGlobalSection
EndGlobal
